
Microsoft Visual Studio Solution File, Format Version 12.00
# Visual Studio 14
VisualStudioVersion = 14.0.25420.1
MinimumVisualStudioVersion = 10.0.40219.1
Project("{FAE04EC0-301F-11D3-BF4B-00C04F79EFBC}") = "Unk-Rakan", "Unk-Rakan\Unk-Rakan.csproj", "{57CB1BBD-D9ED-4AFD-B59F-422AD468808F}"
EndProject
Global
	GlobalSection(SolutionConfigurationPlatforms) = preSolution
		Debug|Any CPU = Debug|Any CPU
		Release|Any CPU = Release|Any CPU
	EndGlobalSection
	GlobalSection(ProjectConfigurationPlatforms) = postSolution
		{57CB1BBD-D9ED-4AFD-B59F-422AD468808F}.Debug|Any CPU.ActiveCfg = Debug|Any CPU
		{57CB1BBD-D9ED-4AFD-B59F-422AD468808F}.Debug|Any CPU.Build.0 = Debug|Any CPU
		{57CB1BBD-D9ED-4AFD-B59F-422AD468808F}.Release|Any CPU.ActiveCfg = Release|Any CPU
		{57CB1BBD-D9ED-4AFD-B59F-422AD468808F}.Release|Any CPU.Build.0 = Release|Any CPU
	EndGlobalSection
	GlobalSection(SolutionProperties) = preSolution
		HideSolutionNode = FALSE
	EndGlobalSection
EndGlobal
